
Microsoft Visual Studio Solution File, Format Version 12.00
# Visual Studio Version 17
VisualStudioVersion = 17.7.34221.43
MinimumVisualStudioVersion = 10.0.40219.1
Project("{FAE04EC0-301F-11D3-BF4B-00C04F79EFBC}") = "storebook", "storebook.csproj", "{A8F638EE-1A66-4D50-8B94-6461EB045A7B}"
EndProject
Global
	GlobalSection(SolutionConfigurationPlatforms) = preSolution
		Debug|Any CPU = Debug|Any CPU
		Release|Any CPU = Release|Any CPU
	EndGlobalSection
	GlobalSection(ProjectConfigurationPlatforms) = postSolution
		{A8F638EE-1A66-4D50-8B94-6461EB045A7B}.Debug|Any CPU.ActiveCfg = Debug|Any CPU
		{A8F638EE-1A66-4D50-8B94-6461EB045A7B}.Debug|Any CPU.Build.0 = Debug|Any CPU
		{A8F638EE-1A66-4D50-8B94-6461EB045A7B}.Release|Any CPU.ActiveCfg = Release|Any CPU
		{A8F638EE-1A66-4D50-8B94-6461EB045A7B}.Release|Any CPU.Build.0 = Release|Any CPU
	EndGlobalSection
	GlobalSection(SolutionProperties) = preSolution
		HideSolutionNode = FALSE
	EndGlobalSection
	GlobalSection(ExtensibilityGlobals) = postSolution
		SolutionGuid = {C0E596BA-570B-4B68-A309-C4540DADEBA6}
	EndGlobalSection
EndGlobal
